// !$*UTF8*$!
{
	archiveVersion = 1;
	classes = {
	};
	objectVersion = 46;
	objects = {

/* Begin PBXBuildFile section */
		EDE15E261CF8847C00C890B0 /* main.m in Sources */ = {isa = PBXBuildFile; fileRef = EDE15E251CF8847C00C890B0 /* main.m */; };
		EDE15E311CF8847C00C890B0 /* Assets.xcassets in Resources */ = {isa = PBXBuildFile; fileRef = EDE15E301CF8847C00C890B0 /* Assets.xcassets */; };
		EDE15E341CF8847C00C890B0 /* LaunchScreen.storyboard in Resources */ = {isa = PBXBuildFile; fileRef = EDE15E321CF8847C00C890B0 /* LaunchScreen.storyboard */; };
		EDE15E5D1CF885C600C890B0 /* Main.storyboard in Resources */ = {isa = PBXBuildFile; fileRef = EDE15E5C1CF885C600C890B0 /* Main.storyboard */; };
		EDE15E621CF885E700C890B0 /* AppDelegate.m in Sources */ = {isa = PBXBuildFile; fileRef = EDE15E5F1CF885E700C890B0 /* AppDelegate.m */; };
		EDE15E631CF885E700C890B0 /* ViewController.m in Sources */ = {isa = PBXBuildFile; fileRef = EDE15E611CF885E700C890B0 /* ViewController.m */; };
		EDE15E691CF885F200C890B0 /* XBTableViewCell.m in Sources */ = {isa = PBXBuildFile; fileRef = EDE15E651CF885F200C890B0 /* XBTableViewCell.m */; };
		EDE15E6A1CF885F200C890B0 /* XBTableViewCell.xib in Resources */ = {isa = PBXBuildFile; fileRef = EDE15E661CF885F200C890B0 /* XBTableViewCell.xib */; };
		EDE15E6B1CF885F200C890B0 /* XBWebViewController.m in Sources */ = {isa = PBXBuildFile; fileRef = EDE15E681CF885F200C890B0 /* XBWebViewController.m */; };
		EDE15E7A1CF8862300C890B0 /* NSString+Hash.m in Sources */ = {isa = PBXBuildFile; fileRef = EDE15E6F1CF8862300C890B0 /* NSString+Hash.m */; };
		EDE15E7B1CF8862300C890B0 /* XBDownloadManager.m in Sources */ = {isa = PBXBuildFile; fileRef = EDE15E731CF8862300C890B0 /* XBDownloadManager.m */; };
		EDE15E7C1CF8862300C890B0 /* XBDownloadTask.m in Sources */ = {isa = PBXBuildFile; fileRef = EDE15E751CF8862300C890B0 /* XBDownloadTask.m */; };
		EDE15E7D1CF8862300C890B0 /* XBDownloadTaskInfo.m in Sources */ = {isa = PBXBuildFile; fileRef = EDE15E771CF8862300C890B0 /* XBDownloadTaskInfo.m */; };
		EDE15E7E1CF8862300C890B0 /* XBDownloadTaskRecord.m in Sources */ = {isa = PBXBuildFile; fileRef = EDE15E791CF8862300C890B0 /* XBDownloadTaskRecord.m */; };
/* End PBXBuildFile section */

/* Begin PBXFileReference section */
		EDE15E211CF8847C00C890B0 /* XBDownloader1.app */ = {isa = PBXFileReference; explicitFileType = wrapper.application; includeInIndex = 0; path = XBDownloader1.app; sourceTree = BUILT_PRODUCTS_DIR; };
		EDE15E251CF8847C00C890B0 /* main.m */ = {isa = PBXFileReference; lastKnownFileType = sourcecode.c.objc; path = main.m; sourceTree = "<group>"; };
		EDE15E301CF8847C00C890B0 /* Assets.xcassets */ = {isa = PBXFileReference; lastKnownFileType = folder.assetcatalog; path = Assets.xcassets; sourceTree = "<group>"; };
		EDE15E331CF8847C00C890B0 /* Base */ = {isa = PBXFileReference; lastKnownFileType = file.storyboard; name = Base; path = Base.lproj/LaunchScreen.storyboard; sourceTree = "<group>"; };
		EDE15E351CF8847C00C890B0 /* Info.plist */ = {isa = PBXFileReference; lastKnownFileType = text.plist.xml; path = Info.plist; sourceTree = "<group>"; };
		EDE15E5C1CF885C600C890B0 /* Main.storyboard */ = {isa = PBXFileReference; fileEncoding = 4; lastKnownFileType = file.storyboard; path = Main.storyboard; sourceTree = "<group>"; };
		EDE15E5E1CF885E700C890B0 /* AppDelegate.h */ = {isa = PBXFileReference; fileEncoding = 4; lastKnownFileType = sourcecode.c.h; path = AppDelegate.h; sourceTree = "<group>"; };
		EDE15E5F1CF885E700C890B0 /* AppDelegate.m */ = {isa = PBXFileReference; fileEncoding = 4; lastKnownFileType = sourcecode.c.objc; path = AppDelegate.m; sourceTree = "<group>"; };
		EDE15E601CF885E700C890B0 /* ViewController.h */ = {isa = PBXFileReference; fileEncoding = 4; lastKnownFileType = sourcecode.c.h; path = ViewController.h; sourceTree = "<group>"; };
		EDE15E611CF885E700C890B0 /* ViewController.m */ = {isa = PBXFileReference; fileEncoding = 4; lastKnownFileType = sourcecode.c.objc; path = ViewController.m; sourceTree = "<group>"; };
		EDE15E641CF885F200C890B0 /* XBTableViewCell.h */ = {isa = PBXFileReference; fileEncoding = 4; lastKnownFileType = sourcecode.c.h; path = XBTableViewCell.h; sourceTree = "<group>"; };
		EDE15E651CF885F200C890B0 /* XBTableViewCell.m */ = {isa = PBXFileReference; fileEncoding = 4; lastKnownFileType = sourcecode.c.objc; path = XBTableViewCell.m; sourceTree = "<group>"; };
		EDE15E661CF885F200C890B0 /* XBTableViewCell.xib */ = {isa = PBXFileReference; fileEncoding = 4; lastKnownFileType = file.xib; path = XBTableViewCell.xib; sourceTree = "<group>"; };
		EDE15E671CF885F200C890B0 /* XBWebViewController.h */ = {isa = PBXFileReference; fileEncoding = 4; lastKnownFileType = sourcecode.c.h; path = XBWebViewController.h; sourceTree = "<group>"; };
		EDE15E681CF885F200C890B0 /* XBWebViewController.m */ = {isa = PBXFileReference; fileEncoding = 4; lastKnownFileType = sourcecode.c.objc; path = XBWebViewController.m; sourceTree = "<group>"; };
		EDE15E6E1CF8862300C890B0 /* NSString+Hash.h */ = {isa = PBXFileReference; fileEncoding = 4; lastKnownFileType = sourcecode.c.h; path = "NSString+Hash.h"; sourceTree = "<group>"; };
		EDE15E6F1CF8862300C890B0 /* NSString+Hash.m */ = {isa = PBXFileReference; fileEncoding = 4; lastKnownFileType = sourcecode.c.objc; path = "NSString+Hash.m"; sourceTree = "<group>"; };
		EDE15E701CF8862300C890B0 /* XBDownloader.h */ = {isa = PBXFileReference; fileEncoding = 4; lastKnownFileType = sourcecode.c.h; path = XBDownloader.h; sourceTree = "<group>"; };
		EDE15E711CF8862300C890B0 /* XBDownloader.pch */ = {isa = PBXFileReference; fileEncoding = 4; lastKnownFileType = sourcecode.c.h; path = XBDownloader.pch; sourceTree = "<group>"; };
		EDE15E721CF8862300C890B0 /* XBDownloadManager.h */ = {isa = PBXFileReference; fileEncoding = 4; lastKnownFileType = sourcecode.c.h; path = XBDownloadManager.h; sourceTree = "<group>"; };
		EDE15E731CF8862300C890B0 /* XBDownloadManager.m */ = {isa = PBXFileReference; fileEncoding = 4; lastKnownFileType = sourcecode.c.objc; path = XBDownloadManager.m; sourceTree = "<group>"; };
		EDE15E741CF8862300C890B0 /* XBDownloadTask.h */ = {isa = PBXFileReference; fileEncoding = 4; lastKnownFileType = sourcecode.c.h; path = XBDownloadTask.h; sourceTree = "<group>"; };
		EDE15E751CF8862300C890B0 /* XBDownloadTask.m */ = {isa = PBXFileReference; fileEncoding = 4; lastKnownFileType = sourcecode.c.objc; path = XBDownloadTask.m; sourceTree = "<group>"; };
		EDE15E761CF8862300C890B0 /* XBDownloadTaskInfo.h */ = {isa = PBXFileReference; fileEncoding = 4; lastKnownFileType = sourcecode.c.h; path = XBDownloadTaskInfo.h; sourceTree = "<group>"; };
		EDE15E771CF8862300C890B0 /* XBDownloadTaskInfo.m */ = {isa = PBXFileReference; fileEncoding = 4; lastKnownFileType = sourcecode.c.objc; path = XBDownloadTaskInfo.m; sourceTree = "<group>"; };
		EDE15E781CF8862300C890B0 /* XBDownloadTaskRecord.h */ = {isa = PBXFileReference; fileEncoding = 4; lastKnownFileType = sourcecode.c.h; path = XBDownloadTaskRecord.h; sourceTree = "<group>"; };
		EDE15E791CF8862300C890B0 /* XBDownloadTaskRecord.m */ = {isa = PBXFileReference; fileEncoding = 4; lastKnownFileType = sourcecode.c.objc; path = XBDownloadTaskRecord.m; sourceTree = "<group>"; };
/* End PBXFileReference section */

/* Begin PBXFrameworksBuildPhase section */
		EDE15E1E1CF8847C00C890B0 /* Frameworks */ = {
			isa = PBXFrameworksBuildPhase;
			buildActionMask = 2147483647;
			files = (
			);
			runOnlyForDeploymentPostprocessing = 0;
		};
/* End PBXFrameworksBuildPhase section */

/* Begin PBXGroup section */
		EDE15E181CF8847C00C890B0 = {
			isa = PBXGroup;
			children = (
				EDE15E231CF8847C00C890B0 /* XBDownloader1 */,
				EDE15E221CF8847C00C890B0 /* Products */,
			);
			sourceTree = "<group>";
		};
		EDE15E221CF8847C00C890B0 /* Products */ = {
			isa = PBXGroup;
			children = (
				EDE15E211CF8847C00C890B0 /* XBDownloader1.app */,
			);
			name = Products;
			sourceTree = "<group>";
		};
		EDE15E231CF8847C00C890B0 /* XBDownloader1 */ = {
			isa = PBXGroup;
			children = (
				EDE15E6C1CF8862300C890B0 /* XBDownloader */,
				EDE15E5E1CF885E700C890B0 /* AppDelegate.h */,
				EDE15E5F1CF885E700C890B0 /* AppDelegate.m */,
				EDE15E601CF885E700C890B0 /* ViewController.h */,
				EDE15E611CF885E700C890B0 /* ViewController.m */,
				EDE15E641CF885F200C890B0 /* XBTableViewCell.h */,
				EDE15E651CF885F200C890B0 /* XBTableViewCell.m */,
				EDE15E661CF885F200C890B0 /* XBTableViewCell.xib */,
				EDE15E671CF885F200C890B0 /* XBWebViewController.h */,
				EDE15E681CF885F200C890B0 /* XBWebViewController.m */,
				EDE15E241CF8847C00C890B0 /* Supporting Files */,
			);
			path = XBDownloader1;
			sourceTree = "<group>";
		};
		EDE15E241CF8847C00C890B0 /* Supporting Files */ = {
			isa = PBXGroup;
			children = (
				EDE15E5C1CF885C600C890B0 /* Main.storyboard */,
				EDE15E301CF8847C00C890B0 /* Assets.xcassets */,
				EDE15E321CF8847C00C890B0 /* LaunchScreen.storyboard */,
				EDE15E351CF8847C00C890B0 /* Info.plist */,
				EDE15E251CF8847C00C890B0 /* main.m */,
			);
			name = "Supporting Files";
			sourceTree = "<group>";
		};
		EDE15E6C1CF8862300C890B0 /* XBDownloader */ = {
			isa = PBXGroup;
			children = (
				EDE15E6D1CF8862300C890B0 /* MD5 */,
				EDE15E701CF8862300C890B0 /* XBDownloader.h */,
				EDE15E711CF8862300C890B0 /* XBDownloader.pch */,
				EDE15E721CF8862300C890B0 /* XBDownloadManager.h */,
				EDE15E731CF8862300C890B0 /* XBDownloadManager.m */,
				EDE15E741CF8862300C890B0 /* XBDownloadTask.h */,
				EDE15E751CF8862300C890B0 /* XBDownloadTask.m */,
				EDE15E761CF8862300C890B0 /* XBDownloadTaskInfo.h */,
				EDE15E771CF8862300C890B0 /* XBDownloadTaskInfo.m */,
				EDE15E781CF8862300C890B0 /* XBDownloadTaskRecord.h */,
				EDE15E791CF8862300C890B0 /* XBDownloadTaskRecord.m */,
			);
			path = XBDownloader;
			sourceTree = "<group>";
		};
		EDE15E6D1CF8862300C890B0 /* MD5 */ = {
			isa = PBXGroup;
			children = (
				EDE15E6E1CF8862300C890B0 /* NSString+Hash.h */,
				EDE15E6F1CF8862300C890B0 /* NSString+Hash.m */,
			);
			path = MD5;
			sourceTree = "<group>";
		};
/* End PBXGroup section */

/* Begin PBXNativeTarget section */
		EDE15E201CF8847C00C890B0 /* XBDownloader1 */ = {
			isa = PBXNativeTarget;
			buildConfigurationList = EDE15E381CF8847C00C890B0 /* Build configuration list for PBXNativeTarget "XBDownloader1" */;
			buildPhases = (
				EDE15E1D1CF8847C00C890B0 /* Sources */,
				EDE15E1E1CF8847C00C890B0 /* Frameworks */,
				EDE15E1F1CF8847C00C890B0 /* Resources */,
			);
			buildRules = (
			);
			dependencies = (
			);
			name = XBDownloader1;
			productName = XBDownloader1;
			productReference = EDE15E211CF8847C00C890B0 /* XBDownloader1.app */;
			productType = "com.apple.product-type.application";
		};
/* End PBXNativeTarget section */

/* Begin PBXProject section */
		EDE15E191CF8847C00C890B0 /* Project object */ = {
			isa = PBXProject;
			attributes = {
				LastUpgradeCheck = 0720;
				ORGANIZATIONNAME = xshenpan;
				TargetAttributes = {
					EDE15E201CF8847C00C890B0 = {
						CreatedOnToolsVersion = 7.2.1;
					};
				};
			};
			buildConfigurationList = EDE15E1C1CF8847C00C890B0 /* Build configuration list for PBXProject "XBDownloader1" */;
			compatibilityVersion = "Xcode 3.2";
			developmentRegion = English;
			hasScannedForEncodings = 0;
			knownRegions = (
				en,
				Base,
			);
			mainGroup = EDE15E181CF8847C00C890B0;
			productRefGroup = EDE15E221CF8847C00C890B0 /* Products */;
			projectDirPath = "";
			projectRoot = "";
			targets = (
				EDE15E201CF8847C00C890B0 /* XBDownloader1 */,
			);
		};
/* End PBXProject section */

/* Begin PBXResourcesBuildPhase section */
		EDE15E1F1CF8847C00C890B0 /* Resources */ = {
			isa = PBXResourcesBuildPhase;
			buildActionMask = 2147483647;
			files = (
				EDE15E5D1CF885C600C890B0 /* Main.storyboard in Resources */,
				EDE15E6A1CF885F200C890B0 /* XBTableViewCell.xib in Resources */,
				EDE15E341CF8847C00C890B0 /* LaunchScreen.storyboard in Resources */,
				EDE15E311CF8847C00C890B0 /* Assets.xcassets in Resources */,
			);
			runOnlyForDeploymentPostprocessing = 0;
		};
/* End PBXResourcesBuildPhase section */

/* Begin PBXSourcesBuildPhase section */
		EDE15E1D1CF8847C00C890B0 /* Sources */ = {
			isa = PBXSourcesBuildPhase;
			buildActionMask = 2147483647;
			files = (
				EDE15E7C1CF8862300C890B0 /* XBDownloadTask.m in Sources */,
				EDE15E7E1CF8862300C890B0 /* XBDownloadTaskRecord.m in Sources */,
				EDE15E631CF885E700C890B0 /* ViewController.m in Sources */,
				EDE15E7A1CF8862300C890B0 /* NSString+Hash.m in Sources */,
				EDE15E7B1CF8862300C890B0 /* XBDownloadManager.m in Sources */,
				EDE15E6B1CF885F200C890B0 /* XBWebViewController.m in Sources */,
				EDE15E691CF885F200C890B0 /* XBTableViewCell.m in Sources */,
				EDE15E621CF885E700C890B0 /* AppDelegate.m in Sources */,
				EDE15E261CF8847C00C890B0 /* main.m in Sources */,
				EDE15E7D1CF8862300C890B0 /* XBDownloadTaskInfo.m in Sources */,
			);
			runOnlyForDeploymentPostprocessing = 0;
		};
/* End PBXSourcesBuildPhase section */

/* Begin PBXVariantGroup section */
		EDE15E321CF8847C00C890B0 /* LaunchScreen.storyboard */ = {
			isa = PBXVariantGroup;
			children = (
				EDE15E331CF8847C00C890B0 /* Base */,
			);
			name = LaunchScreen.storyboard;
			sourceTree = "<group>";
		};
/* End PBXVariantGroup section */

/* Begin XCBuildConfiguration section */
		EDE15E361CF8847C00C890B0 /* Debug */ = {
			isa = XCBuildConfiguration;
			buildSettings = {
				ALWAYS_SEARCH_USER_PATHS = NO;
				CLANG_CXX_LANGUAGE_STANDARD = "gnu++0x";
				CLANG_CXX_LIBRARY = "libc++";
				CLANG_ENABLE_MODULES = YES;
				CLANG_ENABLE_OBJC_ARC = YES;
				CLANG_WARN_BOOL_CONVERSION = YES;
				CLANG_WARN_CONSTANT_CONVERSION = YES;
				CLANG_WARN_DIRECT_OBJC_ISA_USAGE = YES_ERROR;
				CLANG_WARN_EMPTY_BODY = YES;
				CLANG_WARN_ENUM_CONVERSION = YES;
				CLANG_WARN_INT_CONVERSION = YES;
				CLANG_WARN_OBJC_ROOT_CLASS = YES_ERROR;
				CLANG_WARN_UNREACHABLE_CODE = YES;
				CLANG_WARN__DUPLICATE_METHOD_MATCH = YES;
				"CODE_SIGN_IDENTITY[sdk=iphoneos*]" = "iPhone Developer";
				COPY_PHASE_STRIP = NO;
				DEBUG_INFORMATION_FORMAT = dwarf;
				ENABLE_STRICT_OBJC_MSGSEND = YES;
				ENABLE_TESTABILITY = YES;
				GCC_C_LANGUAGE_STANDARD = gnu99;
				GCC_DYNAMIC_NO_PIC = NO;
				GCC_NO_COMMON_BLOCKS = YES;
				GCC_OPTIMIZATION_LEVEL = 0;
				GCC_PREPROCESSOR_DEFINITIONS = (
					"DEBUG=1",
					"$(inherited)",
				);
				GCC_WARN_64_TO_32_BIT_CONVERSION = YES;
				GCC_WARN_ABOUT_RETURN_TYPE = YES_ERROR;
				GCC_WARN_UNDECLARED_SELECTOR = YES;
				GCC_WARN_UNINITIALIZED_AUTOS = YES_AGGRESSIVE;
				GCC_WARN_UNUSED_FUNCTION = YES;
				GCC_WARN_UNUSED_VARIABLE = YES;
				IPHONEOS_DEPLOYMENT_TARGET = 9.2;
				MTL_ENABLE_DEBUG_INFO = YES;
				ONLY_ACTIVE_ARCH = YES;
				SDKROOT = iphoneos;
				TARGETED_DEVICE_FAMILY = "1,2";
			};
			name = Debug;
		};
		EDE15E371CF8847C00C890B0 /* Release */ = {
			isa = XCBuildConfiguration;
			buildSettings = {
				ALWAYS_SEARCH_USER_PATHS = NO;
				CLANG_CXX_LANGUAGE_STANDARD = "gnu++0x";
				CLANG_CXX_LIBRARY = "libc++";
				CLANG_ENABLE_MODULES = YES;
				CLANG_ENABLE_OBJC_ARC = YES;
				CLANG_WARN_BOOL_CONVERSION = YES;
				CLANG_WARN_CONSTANT_CONVERSION = YES;
				CLANG_WARN_DIRECT_OBJC_ISA_USAGE = YES_ERROR;
				CLANG_WARN_EMPTY_BODY = YES;
				CLANG_WARN_ENUM_CONVERSION = YES;
				CLANG_WARN_INT_CONVERSION = YES;
				CLANG_WARN_OBJC_ROOT_CLASS = YES_ERROR;
				CLANG_WARN_UNREACHABLE_CODE = YES;
				CLANG_WARN__DUPLICATE_METHOD_MATCH = YES;
				"CODE_SIGN_IDENTITY[sdk=iphoneos*]" = "iPhone Developer";
				COPY_PHASE_STRIP = NO;
				DEBUG_INFORMATION_FORMAT = "dwarf-with-dsym";
				ENABLE_NS_ASSERTIONS = NO;
				ENABLE_STRICT_OBJC_MSGSEND = YES;
				GCC_C_LANGUAGE_STANDARD = gnu99;
				GCC_NO_COMMON_BLOCKS = YES;
				GCC_WARN_64_TO_32_BIT_CONVERSION = YES;
				GCC_WARN_ABOUT_RETURN_TYPE = YES_ERROR;
				GCC_WARN_UNDECLARED_SELECTOR = YES;
				GCC_WARN_UNINITIALIZED_AUTOS = YES_AGGRESSIVE;
				GCC_WARN_UNUSED_FUNCTION = YES;
				GCC_WARN_UNUSED_VARIABLE = YES;
				IPHONEOS_DEPLOYMENT_TARGET = 9.2;
				MTL_ENABLE_DEBUG_INFO = NO;
				SDKROOT = iphoneos;
				TARGETED_DEVICE_FAMILY = "1,2";
				VALIDATE_PRODUCT = YES;
			};
			name = Release;
		};
		EDE15E391CF8847C00C890B0 /* Debug */ = {
			isa = XCBuildConfiguration;
			buildSettings = {
				ASSETCATALOG_COMPILER_APPICON_NAME = AppIcon;
				GCC_PREFIX_HEADER = "$(SRCROOT)/$(PRODUCT_NAME)/XBDownloader/XBDownloader.pch";
				INFOPLIST_FILE = XBDownloader1/Info.plist;
				LD_RUNPATH_SEARCH_PATHS = "$(inherited) @executable_path/Frameworks";
				PRODUCT_BUNDLE_IDENTIFIER = com.xshenpan.XBDownloader1;
				PRODUCT_NAME = "$(TARGET_NAME)";
			};
			name = Debug;
		};
		EDE15E3A1CF8847C00C890B0 /* Release */ = {
			isa = XCBuildConfiguration;
			buildSettings = {
				ASSETCATALOG_COMPILER_APPICON_NAME = AppIcon;
				GCC_PREFIX_HEADER = "$(SRCROOT)/$(PRODUCT_NAME)/XBDownloader/XBDownloader.pch";
				INFOPLIST_FILE = XBDownloader1/Info.plist;
				LD_RUNPATH_SEARCH_PATHS = "$(inherited) @executable_path/Frameworks";
				PRODUCT_BUNDLE_IDENTIFIER = com.xshenpan.XBDownloader1;
				PRODUCT_NAME = "$(TARGET_NAME)";
			};
			name = Release;
		};
/* End XCBuildConfiguration section */

/* Begin XCConfigurationList section */
		EDE15E1C1CF8847C00C890B0 /* Build configuration list for PBXProject "XBDownloader1" */ = {
			isa = XCConfigurationList;
			buildConfigurations = (
				EDE15E361CF8847C00C890B0 /* Debug */,
				EDE15E371CF8847C00C890B0 /* Release */,
			);
			defaultConfigurationIsVisible = 0;
			defaultConfigurationName = Release;
		};
		EDE15E381CF8847C00C890B0 /* Build configuration list for PBXNativeTarget "XBDownloader1" */ = {
			isa = XCConfigurationList;
			buildConfigurations = (
				EDE15E391CF8847C00C890B0 /* Debug */,
				EDE15E3A1CF8847C00C890B0 /* Release */,
			);
			defaultConfigurationIsVisible = 0;
			defaultConfigurationName = Release;
		};
/* End XCConfigurationList section */
	};
	rootObject = EDE15E191CF8847C00C890B0 /* Project object */;
}
